Microsoft Visual Studio Solution File, Format Version 12.00
# Visual Studio Version 17
VisualStudioVersion = 17.5.2.0
MinimumVisualStudioVersion = 10.0.40219.1
Project("{FAE04EC0-301F-11D3-BF4B-00C04F79EFBC}") = "LogsLogsLogs", "LogsLogsLogs.csproj", "{5EB72CD8-F462-2E2E-9E00-DA635D3E4074}"
EndProject
Global
	GlobalSection(SolutionConfigurationPlatforms) = preSolution
		Debug|Any CPU = Debug|Any CPU
		Release|Any CPU = Release|Any CPU
	EndGlobalSection
	GlobalSection(ProjectConfigurationPlatforms) = postSolution
		{5EB72CD8-F462-2E2E-9E00-DA635D3E4074}.Debug|Any CPU.ActiveCfg = Debug|Any CPU
		{5EB72CD8-F462-2E2E-9E00-DA635D3E4074}.Debug|Any CPU.Build.0 = Debug|Any CPU
		{5EB72CD8-F462-2E2E-9E00-DA635D3E4074}.Release|Any CPU.ActiveCfg = Release|Any CPU
		{5EB72CD8-F462-2E2E-9E00-DA635D3E4074}.Release|Any CPU.Build.0 = Release|Any CPU
	EndGlobalSection
	GlobalSection(SolutionProperties) = preSolution
		HideSolutionNode = FALSE
	EndGlobalSection
	GlobalSection(ExtensibilityGlobals) = postSolution
		SolutionGuid = {FFC0057F-2AAD-4F71-84D1-3CDEC72DEE27}
	EndGlobalSection
EndGlobal
