Microsoft Visual Studio Solution File, Format Version 12.00
# Visual Studio Version 17
VisualStudioVersion = 17.5.2.0
MinimumVisualStudioVersion = 10.0.40219.1
Project("{FAE04EC0-301F-11D3-BF4B-00C04F79EFBC}") = "HyperiaForex", "HyperiaForex.csproj", "{07A48EDA-5272-9E24-79BD-F7E6CB5716AF}"
EndProject
Global
	GlobalSection(SolutionConfigurationPlatforms) = preSolution
		Debug|Any CPU = Debug|Any CPU
		Release|Any CPU = Release|Any CPU
	EndGlobalSection
	GlobalSection(ProjectConfigurationPlatforms) = postSolution
		{07A48EDA-5272-9E24-79BD-F7E6CB5716AF}.Debug|Any CPU.ActiveCfg = Debug|Any CPU
		{07A48EDA-5272-9E24-79BD-F7E6CB5716AF}.Debug|Any CPU.Build.0 = Debug|Any CPU
		{07A48EDA-5272-9E24-79BD-F7E6CB5716AF}.Release|Any CPU.ActiveCfg = Release|Any CPU
		{07A48EDA-5272-9E24-79BD-F7E6CB5716AF}.Release|Any CPU.Build.0 = Release|Any CPU
	EndGlobalSection
	GlobalSection(SolutionProperties) = preSolution
		HideSolutionNode = FALSE
	EndGlobalSection
	GlobalSection(ExtensibilityGlobals) = postSolution
		SolutionGuid = {12327428-9C10-40F3-9F20-15E0D6E9858A}
	EndGlobalSection
EndGlobal
