Microsoft Visual Studio Solution File, Format Version 12.00
# Visual Studio Version 17
VisualStudioVersion = 17.5.2.0
MinimumVisualStudioVersion = 10.0.40219.1
Project("{FAE04EC0-301F-11D3-BF4B-00C04F79EFBC}") = "JedliksToys", "JedliksToys.csproj", "{F8D28A68-6411-08FB-072B-960D16DEA190}"
EndProject
Global
	GlobalSection(SolutionConfigurationPlatforms) = preSolution
		Debug|Any CPU = Debug|Any CPU
		Release|Any CPU = Release|Any CPU
	EndGlobalSection
	GlobalSection(ProjectConfigurationPlatforms) = postSolution
		{F8D28A68-6411-08FB-072B-960D16DEA190}.Debug|Any CPU.ActiveCfg = Debug|Any CPU
		{F8D28A68-6411-08FB-072B-960D16DEA190}.Debug|Any CPU.Build.0 = Debug|Any CPU
		{F8D28A68-6411-08FB-072B-960D16DEA190}.Release|Any CPU.ActiveCfg = Release|Any CPU
		{F8D28A68-6411-08FB-072B-960D16DEA190}.Release|Any CPU.Build.0 = Release|Any CPU
	EndGlobalSection
	GlobalSection(SolutionProperties) = preSolution
		HideSolutionNode = FALSE
	EndGlobalSection
	GlobalSection(ExtensibilityGlobals) = postSolution
		SolutionGuid = {5F9B8786-5697-4FAE-A255-8026274A042D}
	EndGlobalSection
EndGlobal
