Microsoft Visual Studio Solution File, Format Version 12.00
# Visual Studio Version 17
VisualStudioVersion = 17.5.2.0
MinimumVisualStudioVersion = 10.0.40219.1
Project("{FAE04EC0-301F-11D3-BF4B-00C04F79EFBC}") = "RedVsBlueDarwinStyle", "RedVsBlueDarwinStyle.csproj", "{9679737A-22F7-1B90-ABC9-4121593AB70F}"
EndProject
Global
	GlobalSection(SolutionConfigurationPlatforms) = preSolution
		Debug|Any CPU = Debug|Any CPU
		Release|Any CPU = Release|Any CPU
	EndGlobalSection
	GlobalSection(ProjectConfigurationPlatforms) = postSolution
		{9679737A-22F7-1B90-ABC9-4121593AB70F}.Debug|Any CPU.ActiveCfg = Debug|Any CPU
		{9679737A-22F7-1B90-ABC9-4121593AB70F}.Debug|Any CPU.Build.0 = Debug|Any CPU
		{9679737A-22F7-1B90-ABC9-4121593AB70F}.Release|Any CPU.ActiveCfg = Release|Any CPU
		{9679737A-22F7-1B90-ABC9-4121593AB70F}.Release|Any CPU.Build.0 = Release|Any CPU
	EndGlobalSection
	GlobalSection(SolutionProperties) = preSolution
		HideSolutionNode = FALSE
	EndGlobalSection
	GlobalSection(ExtensibilityGlobals) = postSolution
		SolutionGuid = {F49DD01C-0B2B-4B0C-A5BD-7F322FA8A4E7}
	EndGlobalSection
EndGlobal
