Microsoft Visual Studio Solution File, Format Version 12.00
# Visual Studio Version 17
VisualStudioVersion = 17.5.2.0
MinimumVisualStudioVersion = 10.0.40219.1
Project("{FAE04EC0-301F-11D3-BF4B-00C04F79EFBC}") = "ProteinTranslation", "ProteinTranslation.csproj", "{12D76AE0-2377-FA5E-5819-3D331C493552}"
EndProject
Global
	GlobalSection(SolutionConfigurationPlatforms) = preSolution
		Debug|Any CPU = Debug|Any CPU
		Release|Any CPU = Release|Any CPU
	EndGlobalSection
	GlobalSection(ProjectConfigurationPlatforms) = postSolution
		{12D76AE0-2377-FA5E-5819-3D331C493552}.Debug|Any CPU.ActiveCfg = Debug|Any CPU
		{12D76AE0-2377-FA5E-5819-3D331C493552}.Debug|Any CPU.Build.0 = Debug|Any CPU
		{12D76AE0-2377-FA5E-5819-3D331C493552}.Release|Any CPU.ActiveCfg = Release|Any CPU
		{12D76AE0-2377-FA5E-5819-3D331C493552}.Release|Any CPU.Build.0 = Release|Any CPU
	EndGlobalSection
	GlobalSection(SolutionProperties) = preSolution
		HideSolutionNode = FALSE
	EndGlobalSection
	GlobalSection(ExtensibilityGlobals) = postSolution
		SolutionGuid = {BE92583B-2467-4543-9719-DD2DA39CA2E4}
	EndGlobalSection
EndGlobal
