Microsoft Visual Studio Solution File, Format Version 12.00
# Visual Studio Version 17
VisualStudioVersion = 17.5.2.0
MinimumVisualStudioVersion = 10.0.40219.1
Project("{FAE04EC0-301F-11D3-BF4B-00C04F79EFBC}") = "teleprompter", "teleprompter.csproj", "{A5D4E4FC-66FD-608A-B73D-9E0F4D6C6B0A}"
EndProject
Global
	GlobalSection(SolutionConfigurationPlatforms) = preSolution
		Debug|Any CPU = Debug|Any CPU
		Release|Any CPU = Release|Any CPU
	EndGlobalSection
	GlobalSection(ProjectConfigurationPlatforms) = postSolution
		{A5D4E4FC-66FD-608A-B73D-9E0F4D6C6B0A}.Debug|Any CPU.ActiveCfg = Debug|Any CPU
		{A5D4E4FC-66FD-608A-B73D-9E0F4D6C6B0A}.Debug|Any CPU.Build.0 = Debug|Any CPU
		{A5D4E4FC-66FD-608A-B73D-9E0F4D6C6B0A}.Release|Any CPU.ActiveCfg = Release|Any CPU
		{A5D4E4FC-66FD-608A-B73D-9E0F4D6C6B0A}.Release|Any CPU.Build.0 = Release|Any CPU
	EndGlobalSection
	GlobalSection(SolutionProperties) = preSolution
		HideSolutionNode = FALSE
	EndGlobalSection
	GlobalSection(ExtensibilityGlobals) = postSolution
		SolutionGuid = {2E04B793-D5C2-4A56-BC8B-FCE02E17E7BF}
	EndGlobalSection
EndGlobal
