Microsoft Visual Studio Solution File, Format Version 12.00
# Visual Studio Version 17
VisualStudioVersion = 17.5.2.0
MinimumVisualStudioVersion = 10.0.40219.1
Project("{FAE04EC0-301F-11D3-BF4B-00C04F79EFBC}") = "HyperOptimizedTelemetry", "HyperOptimizedTelemetry.csproj", "{B404EA8F-5959-AE7B-3DD1-58A93B57E1F2}"
EndProject
Global
	GlobalSection(SolutionConfigurationPlatforms) = preSolution
		Debug|Any CPU = Debug|Any CPU
		Release|Any CPU = Release|Any CPU
	EndGlobalSection
	GlobalSection(ProjectConfigurationPlatforms) = postSolution
		{B404EA8F-5959-AE7B-3DD1-58A93B57E1F2}.Debug|Any CPU.ActiveCfg = Debug|Any CPU
		{B404EA8F-5959-AE7B-3DD1-58A93B57E1F2}.Debug|Any CPU.Build.0 = Debug|Any CPU
		{B404EA8F-5959-AE7B-3DD1-58A93B57E1F2}.Release|Any CPU.ActiveCfg = Release|Any CPU
		{B404EA8F-5959-AE7B-3DD1-58A93B57E1F2}.Release|Any CPU.Build.0 = Release|Any CPU
	EndGlobalSection
	GlobalSection(SolutionProperties) = preSolution
		HideSolutionNode = FALSE
	EndGlobalSection
	GlobalSection(ExtensibilityGlobals) = postSolution
		SolutionGuid = {5D040F85-ABA9-40A5-867B-5FC424DCAC91}
	EndGlobalSection
EndGlobal
