Microsoft Visual Studio Solution File, Format Version 12.00
# Visual Studio Version 17
VisualStudioVersion = 17.5.2.0
MinimumVisualStudioVersion = 10.0.40219.1
Project("{FAE04EC0-301F-11D3-BF4B-00C04F79EFBC}") = "TracksOnTracksOnTracks", "TracksOnTracksOnTracks.csproj", "{61F67E3B-D232-4551-FF23-7BFCF2468E95}"
EndProject
Global
	GlobalSection(SolutionConfigurationPlatforms) = preSolution
		Debug|Any CPU = Debug|Any CPU
		Release|Any CPU = Release|Any CPU
	EndGlobalSection
	GlobalSection(ProjectConfigurationPlatforms) = postSolution
		{61F67E3B-D232-4551-FF23-7BFCF2468E95}.Debug|Any CPU.ActiveCfg = Debug|Any CPU
		{61F67E3B-D232-4551-FF23-7BFCF2468E95}.Debug|Any CPU.Build.0 = Debug|Any CPU
		{61F67E3B-D232-4551-FF23-7BFCF2468E95}.Release|Any CPU.ActiveCfg = Release|Any CPU
		{61F67E3B-D232-4551-FF23-7BFCF2468E95}.Release|Any CPU.Build.0 = Release|Any CPU
	EndGlobalSection
	GlobalSection(SolutionProperties) = preSolution
		HideSolutionNode = FALSE
	EndGlobalSection
	GlobalSection(ExtensibilityGlobals) = postSolution
		SolutionGuid = {77B26E29-C642-46CE-B1F8-C1164A4F37BE}
	EndGlobalSection
EndGlobal
