Microsoft Visual Studio Solution File, Format Version 12.00
# Visual Studio Version 17
VisualStudioVersion = 17.5.2.0
MinimumVisualStudioVersion = 10.0.40219.1
Project("{FAE04EC0-301F-11D3-BF4B-00C04F79EFBC}") = "RemoteControlCleanup", "RemoteControlCleanup.csproj", "{2AE40318-3227-9AE6-1E2B-0D1DDF24240D}"
EndProject
Global
	GlobalSection(SolutionConfigurationPlatforms) = preSolution
		Debug|Any CPU = Debug|Any CPU
		Release|Any CPU = Release|Any CPU
	EndGlobalSection
	GlobalSection(ProjectConfigurationPlatforms) = postSolution
		{2AE40318-3227-9AE6-1E2B-0D1DDF24240D}.Debug|Any CPU.ActiveCfg = Debug|Any CPU
		{2AE40318-3227-9AE6-1E2B-0D1DDF24240D}.Debug|Any CPU.Build.0 = Debug|Any CPU
		{2AE40318-3227-9AE6-1E2B-0D1DDF24240D}.Release|Any CPU.ActiveCfg = Release|Any CPU
		{2AE40318-3227-9AE6-1E2B-0D1DDF24240D}.Release|Any CPU.Build.0 = Release|Any CPU
	EndGlobalSection
	GlobalSection(SolutionProperties) = preSolution
		HideSolutionNode = FALSE
	EndGlobalSection
	GlobalSection(ExtensibilityGlobals) = postSolution
		SolutionGuid = {F75A7026-CA9B-4D3E-9E05-0A2E2AC4FD75}
	EndGlobalSection
EndGlobal
