Microsoft Visual Studio Solution File, Format Version 12.00
# Visual Studio Version 17
VisualStudioVersion = 17.5.2.0
MinimumVisualStudioVersion = 10.0.40219.1
Project("{FAE04EC0-301F-11D3-BF4B-00C04F79EFBC}") = "BirdWatcher", "BirdWatcher.csproj", "{E34163FB-2E55-EA8B-90BF-58574D167914}"
EndProject
Global
	GlobalSection(SolutionConfigurationPlatforms) = preSolution
		Debug|Any CPU = Debug|Any CPU
		Release|Any CPU = Release|Any CPU
	EndGlobalSection
	GlobalSection(ProjectConfigurationPlatforms) = postSolution
		{E34163FB-2E55-EA8B-90BF-58574D167914}.Debug|Any CPU.ActiveCfg = Debug|Any CPU
		{E34163FB-2E55-EA8B-90BF-58574D167914}.Debug|Any CPU.Build.0 = Debug|Any CPU
		{E34163FB-2E55-EA8B-90BF-58574D167914}.Release|Any CPU.ActiveCfg = Release|Any CPU
		{E34163FB-2E55-EA8B-90BF-58574D167914}.Release|Any CPU.Build.0 = Release|Any CPU
	EndGlobalSection
	GlobalSection(SolutionProperties) = preSolution
		HideSolutionNode = FALSE
	EndGlobalSection
	GlobalSection(ExtensibilityGlobals) = postSolution
		SolutionGuid = {B7464DC3-C85C-4C63-AA8E-16A224F07E05}
	EndGlobalSection
EndGlobal
