Microsoft Visual Studio Solution File, Format Version 12.00
# Visual Studio Version 17
VisualStudioVersion = 17.5.2.0
MinimumVisualStudioVersion = 10.0.40219.1
Project("{FAE04EC0-301F-11D3-BF4B-00C04F79EFBC}") = "CarsAssemble", "CarsAssemble.csproj", "{FCB7AF98-9896-0F2F-0FF6-8CB8FD49E296}"
EndProject
Global
	GlobalSection(SolutionConfigurationPlatforms) = preSolution
		Debug|Any CPU = Debug|Any CPU
		Release|Any CPU = Release|Any CPU
	EndGlobalSection
	GlobalSection(ProjectConfigurationPlatforms) = postSolution
		{FCB7AF98-9896-0F2F-0FF6-8CB8FD49E296}.Debug|Any CPU.ActiveCfg = Debug|Any CPU
		{FCB7AF98-9896-0F2F-0FF6-8CB8FD49E296}.Debug|Any CPU.Build.0 = Debug|Any CPU
		{FCB7AF98-9896-0F2F-0FF6-8CB8FD49E296}.Release|Any CPU.ActiveCfg = Release|Any CPU
		{FCB7AF98-9896-0F2F-0FF6-8CB8FD49E296}.Release|Any CPU.Build.0 = Release|Any CPU
	EndGlobalSection
	GlobalSection(SolutionProperties) = preSolution
		HideSolutionNode = FALSE
	EndGlobalSection
	GlobalSection(ExtensibilityGlobals) = postSolution
		SolutionGuid = {5F4C427A-5974-4A3B-8B9F-F8E0A2D4199C}
	EndGlobalSection
EndGlobal
