Microsoft Visual Studio Solution File, Format Version 12.00
# Visual Studio Version 17
VisualStudioVersion = 17.5.2.0
MinimumVisualStudioVersion = 10.0.40219.1
Project("{FAE04EC0-301F-11D3-BF4B-00C04F79EFBC}") = "WizardsAndWarriors2", "WizardsAndWarriors2.csproj", "{CF1E8131-6549-55BE-C89B-5AF6BC7F4E01}"
EndProject
Global
	GlobalSection(SolutionConfigurationPlatforms) = preSolution
		Debug|Any CPU = Debug|Any CPU
		Release|Any CPU = Release|Any CPU
	EndGlobalSection
	GlobalSection(ProjectConfigurationPlatforms) = postSolution
		{CF1E8131-6549-55BE-C89B-5AF6BC7F4E01}.Debug|Any CPU.ActiveCfg = Debug|Any CPU
		{CF1E8131-6549-55BE-C89B-5AF6BC7F4E01}.Debug|Any CPU.Build.0 = Debug|Any CPU
		{CF1E8131-6549-55BE-C89B-5AF6BC7F4E01}.Release|Any CPU.ActiveCfg = Release|Any CPU
		{CF1E8131-6549-55BE-C89B-5AF6BC7F4E01}.Release|Any CPU.Build.0 = Release|Any CPU
	EndGlobalSection
	GlobalSection(SolutionProperties) = preSolution
		HideSolutionNode = FALSE
	EndGlobalSection
	GlobalSection(ExtensibilityGlobals) = postSolution
		SolutionGuid = {61DDB8A7-2CB0-4998-9A99-AFFAB40E0B46}
	EndGlobalSection
EndGlobal
